
Microsoft Visual Studio Solution File, Format Version 12.00
# Visual Studio Version 17
VisualStudioVersion = 17.7.34024.191
MinimumVisualStudioVersion = 10.0.40219.1
Project("{FAE04EC0-301F-11D3-BF4B-00C04F79EFBC}") = "Week14OOP", "Week14OOP\Week14OOP.csproj", "{D12B12B4-B7E8-4C99-907C-894E48A74E56}"
EndProject
Global
	GlobalSection(SolutionConfigurationPlatforms) = preSolution
		Debug|Any CPU = Debug|Any CPU
		Release|Any CPU = Release|Any CPU
	EndGlobalSection
	GlobalSection(ProjectConfigurationPlatforms) = postSolution
		{D12B12B4-B7E8-4C99-907C-894E48A74E56}.Debug|Any CPU.ActiveCfg = Debug|Any CPU
		{D12B12B4-B7E8-4C99-907C-894E48A74E56}.Debug|Any CPU.Build.0 = Debug|Any CPU
		{D12B12B4-B7E8-4C99-907C-894E48A74E56}.Release|Any CPU.ActiveCfg = Release|Any CPU
		{D12B12B4-B7E8-4C99-907C-894E48A74E56}.Release|Any CPU.Build.0 = Release|Any CPU
	EndGlobalSection
	GlobalSection(SolutionProperties) = preSolution
		HideSolutionNode = FALSE
	EndGlobalSection
	GlobalSection(ExtensibilityGlobals) = postSolution
		SolutionGuid = {F27839F7-0206-4DD3-A9A3-FDB6CA7EAA75}
	EndGlobalSection
EndGlobal
